
Microsoft Visual Studio Solution File, Format Version 12.00
# Visual Studio Version 16
VisualStudioVersion = 16.0.29102.190
MinimumVisualStudioVersion = 10.0.40219.1
Project("{FAE04EC0-301F-11D3-BF4B-00C04F79EFBC}") = "TaskMaster", "TaskMaster\TaskMaster.csproj", "{F9E64D93-B541-498A-AED2-A3DDA8CE7C02}"
EndProject
Global
	GlobalSection(SolutionConfigurationPlatforms) = preSolution
		Debug|iPhone = Debug|iPhone
		Debug|iPhoneSimulator = Debug|iPhoneSimulator
		Release|iPhone = Release|iPhone
		Release|iPhoneSimulator = Release|iPhoneSimulator
	EndGlobalSection
	GlobalSection(ProjectConfigurationPlatforms) = postSolution
		{F9E64D93-B541-498A-AED2-A3DDA8CE7C02}.Debug|iPhone.ActiveCfg = Debug|iPhone
		{F9E64D93-B541-498A-AED2-A3DDA8CE7C02}.Debug|iPhone.Build.0 = Debug|iPhone
		{F9E64D93-B541-498A-AED2-A3DDA8CE7C02}.Debug|iPhone.Deploy.0 = Debug|iPhone
		{F9E64D93-B541-498A-AED2-A3DDA8CE7C02}.Debug|iPhoneSimulator.ActiveCfg = Debug|iPhoneSimulator
		{F9E64D93-B541-498A-AED2-A3DDA8CE7C02}.Debug|iPhoneSimulator.Build.0 = Debug|iPhoneSimulator
		{F9E64D93-B541-498A-AED2-A3DDA8CE7C02}.Debug|iPhoneSimulator.Deploy.0 = Debug|iPhoneSimulator
		{F9E64D93-B541-498A-AED2-A3DDA8CE7C02}.Release|iPhone.ActiveCfg = Release|iPhone
		{F9E64D93-B541-498A-AED2-A3DDA8CE7C02}.Release|iPhone.Build.0 = Release|iPhone
		{F9E64D93-B541-498A-AED2-A3DDA8CE7C02}.Release|iPhone.Deploy.0 = Release|iPhone
		{F9E64D93-B541-498A-AED2-A3DDA8CE7C02}.Release|iPhoneSimulator.ActiveCfg = Release|iPhoneSimulator
		{F9E64D93-B541-498A-AED2-A3DDA8CE7C02}.Release|iPhoneSimulator.Build.0 = Release|iPhoneSimulator
		{F9E64D93-B541-498A-AED2-A3DDA8CE7C02}.Release|iPhoneSimulator.Deploy.0 = Release|iPhoneSimulator
	EndGlobalSection
	GlobalSection(SolutionProperties) = preSolution
		HideSolutionNode = FALSE
	EndGlobalSection
	GlobalSection(ExtensibilityGlobals) = postSolution
		SolutionGuid = {3D8DC81E-7045-420E-A0C0-EDE1BEDC7EB6}
	EndGlobalSection
EndGlobal
